<?xml version="1.0" encoding="UTF-8"?>
<CodeBlocks_project_file>
	<FileVersion major="1" minor="6"/>
	<Project>
		<Option title="TlsUdpProtocol"/>
		<Option makefile_is_custom="1"/>
		<Option compiler="gcc"/>
		<Option virtualFolders="CMake Files\;"/>
		<Build>
			<Target title="all">
				<Option working_dir="/media/data/program/git/TlsUdpProtocol"/>
				<Option type="4"/>
				<MakeCommands>
					<Build command="/usr/bin/make -f &quot;/media/data/program/git/TlsUdpProtocol/Makefile&quot;  VERBOSE=1 all"/>
					<CompileFile command="/usr/bin/make -f &quot;/media/data/program/git/TlsUdpProtocol/Makefile&quot;  VERBOSE=1 &quot;$file&quot;"/>
					<Clean command="/usr/bin/make -f &quot;/media/data/program/git/TlsUdpProtocol/Makefile&quot;  VERBOSE=1 clean"/>
					<DistClean command="/usr/bin/make -f &quot;/media/data/program/git/TlsUdpProtocol/Makefile&quot;  VERBOSE=1 clean"/>
				</MakeCommands>
			</Target>
			<Target title="rebuild_cache">
				<Option working_dir="/media/data/program/git/TlsUdpProtocol"/>
				<Option type="4"/>
				<MakeCommands>
					<Build command="/usr/bin/make -f &quot;/media/data/program/git/TlsUdpProtocol/Makefile&quot;  VERBOSE=1 rebuild_cache"/>
					<CompileFile command="/usr/bin/make -f &quot;/media/data/program/git/TlsUdpProtocol/Makefile&quot;  VERBOSE=1 &quot;$file&quot;"/>
					<Clean command="/usr/bin/make -f &quot;/media/data/program/git/TlsUdpProtocol/Makefile&quot;  VERBOSE=1 clean"/>
					<DistClean command="/usr/bin/make -f &quot;/media/data/program/git/TlsUdpProtocol/Makefile&quot;  VERBOSE=1 clean"/>
				</MakeCommands>
			</Target>
			<Target title="appclient">
				<Option output="/media/data/program/git/TlsUdpProtocol/appclient" prefix_auto="0" extension_auto="0"/>
				<Option working_dir="/media/data/program/git/TlsUdpProtocol"/>
				<Option object_output="./"/>
				<Option type="1"/>
				<Option compiler="gcc"/>
				<Compiler/>
				<MakeCommands>
					<Build command="/usr/bin/make -f &quot;/media/data/program/git/TlsUdpProtocol/Makefile&quot;  VERBOSE=1 appclient"/>
					<CompileFile command="/usr/bin/make -f &quot;/media/data/program/git/TlsUdpProtocol/Makefile&quot;  VERBOSE=1 &quot;$file&quot;"/>
					<Clean command="/usr/bin/make -f &quot;/media/data/program/git/TlsUdpProtocol/Makefile&quot;  VERBOSE=1 clean"/>
					<DistClean command="/usr/bin/make -f &quot;/media/data/program/git/TlsUdpProtocol/Makefile&quot;  VERBOSE=1 clean"/>
				</MakeCommands>
			</Target>
			<Target title="appclient/fast">
				<Option output="/media/data/program/git/TlsUdpProtocol/appclient" prefix_auto="0" extension_auto="0"/>
				<Option working_dir="/media/data/program/git/TlsUdpProtocol"/>
				<Option object_output="./"/>
				<Option type="1"/>
				<Option compiler="gcc"/>
				<Compiler/>
				<MakeCommands>
					<Build command="/usr/bin/make -f &quot;/media/data/program/git/TlsUdpProtocol/Makefile&quot;  VERBOSE=1 appclient/fast"/>
					<CompileFile command="/usr/bin/make -f &quot;/media/data/program/git/TlsUdpProtocol/Makefile&quot;  VERBOSE=1 &quot;$file&quot;"/>
					<Clean command="/usr/bin/make -f &quot;/media/data/program/git/TlsUdpProtocol/Makefile&quot;  VERBOSE=1 clean"/>
					<DistClean command="/usr/bin/make -f &quot;/media/data/program/git/TlsUdpProtocol/Makefile&quot;  VERBOSE=1 clean"/>
				</MakeCommands>
			</Target>
			<Target title="edit_cache">
				<Option working_dir="/media/data/program/git/TlsUdpProtocol"/>
				<Option type="4"/>
				<MakeCommands>
					<Build command="/usr/bin/make -f &quot;/media/data/program/git/TlsUdpProtocol/Makefile&quot;  VERBOSE=1 edit_cache"/>
					<CompileFile command="/usr/bin/make -f &quot;/media/data/program/git/TlsUdpProtocol/Makefile&quot;  VERBOSE=1 &quot;$file&quot;"/>
					<Clean command="/usr/bin/make -f &quot;/media/data/program/git/TlsUdpProtocol/Makefile&quot;  VERBOSE=1 clean"/>
					<DistClean command="/usr/bin/make -f &quot;/media/data/program/git/TlsUdpProtocol/Makefile&quot;  VERBOSE=1 clean"/>
				</MakeCommands>
			</Target>
			<Target title="reliableserver">
				<Option output="/media/data/program/git/TlsUdpProtocol/reliableserver" prefix_auto="0" extension_auto="0"/>
				<Option working_dir="/media/data/program/git/TlsUdpProtocol"/>
				<Option object_output="./"/>
				<Option type="1"/>
				<Option compiler="gcc"/>
				<Compiler/>
				<MakeCommands>
					<Build command="/usr/bin/make -f &quot;/media/data/program/git/TlsUdpProtocol/Makefile&quot;  VERBOSE=1 reliableserver"/>
					<CompileFile command="/usr/bin/make -f &quot;/media/data/program/git/TlsUdpProtocol/Makefile&quot;  VERBOSE=1 &quot;$file&quot;"/>
					<Clean command="/usr/bin/make -f &quot;/media/data/program/git/TlsUdpProtocol/Makefile&quot;  VERBOSE=1 clean"/>
					<DistClean command="/usr/bin/make -f &quot;/media/data/program/git/TlsUdpProtocol/Makefile&quot;  VERBOSE=1 clean"/>
				</MakeCommands>
			</Target>
			<Target title="reliableserver/fast">
				<Option output="/media/data/program/git/TlsUdpProtocol/reliableserver" prefix_auto="0" extension_auto="0"/>
				<Option working_dir="/media/data/program/git/TlsUdpProtocol"/>
				<Option object_output="./"/>
				<Option type="1"/>
				<Option compiler="gcc"/>
				<Compiler/>
				<MakeCommands>
					<Build command="/usr/bin/make -f &quot;/media/data/program/git/TlsUdpProtocol/Makefile&quot;  VERBOSE=1 reliableserver/fast"/>
					<CompileFile command="/usr/bin/make -f &quot;/media/data/program/git/TlsUdpProtocol/Makefile&quot;  VERBOSE=1 &quot;$file&quot;"/>
					<Clean command="/usr/bin/make -f &quot;/media/data/program/git/TlsUdpProtocol/Makefile&quot;  VERBOSE=1 clean"/>
					<DistClean command="/usr/bin/make -f &quot;/media/data/program/git/TlsUdpProtocol/Makefile&quot;  VERBOSE=1 clean"/>
				</MakeCommands>
			</Target>
			<Target title="udptelnet">
				<Option output="/media/data/program/git/TlsUdpProtocol/udptelnet" prefix_auto="0" extension_auto="0"/>
				<Option working_dir="/media/data/program/git/TlsUdpProtocol"/>
				<Option object_output="./"/>
				<Option type="1"/>
				<Option compiler="gcc"/>
				<Compiler/>
				<MakeCommands>
					<Build command="/usr/bin/make -f &quot;/media/data/program/git/TlsUdpProtocol/Makefile&quot;  VERBOSE=1 udptelnet"/>
					<CompileFile command="/usr/bin/make -f &quot;/media/data/program/git/TlsUdpProtocol/Makefile&quot;  VERBOSE=1 &quot;$file&quot;"/>
					<Clean command="/usr/bin/make -f &quot;/media/data/program/git/TlsUdpProtocol/Makefile&quot;  VERBOSE=1 clean"/>
					<DistClean command="/usr/bin/make -f &quot;/media/data/program/git/TlsUdpProtocol/Makefile&quot;  VERBOSE=1 clean"/>
				</MakeCommands>
			</Target>
			<Target title="udptelnet/fast">
				<Option output="/media/data/program/git/TlsUdpProtocol/udptelnet" prefix_auto="0" extension_auto="0"/>
				<Option working_dir="/media/data/program/git/TlsUdpProtocol"/>
				<Option object_output="./"/>
				<Option type="1"/>
				<Option compiler="gcc"/>
				<Compiler/>
				<MakeCommands>
					<Build command="/usr/bin/make -f &quot;/media/data/program/git/TlsUdpProtocol/Makefile&quot;  VERBOSE=1 udptelnet/fast"/>
					<CompileFile command="/usr/bin/make -f &quot;/media/data/program/git/TlsUdpProtocol/Makefile&quot;  VERBOSE=1 &quot;$file&quot;"/>
					<Clean command="/usr/bin/make -f &quot;/media/data/program/git/TlsUdpProtocol/Makefile&quot;  VERBOSE=1 clean"/>
					<DistClean command="/usr/bin/make -f &quot;/media/data/program/git/TlsUdpProtocol/Makefile&quot;  VERBOSE=1 clean"/>
				</MakeCommands>
			</Target>
			<Target title="udpserver">
				<Option output="/media/data/program/git/TlsUdpProtocol/udpserver" prefix_auto="0" extension_auto="0"/>
				<Option working_dir="/media/data/program/git/TlsUdpProtocol"/>
				<Option object_output="./"/>
				<Option type="1"/>
				<Option compiler="gcc"/>
				<Compiler/>
				<MakeCommands>
					<Build command="/usr/bin/make -f &quot;/media/data/program/git/TlsUdpProtocol/Makefile&quot;  VERBOSE=1 udpserver"/>
					<CompileFile command="/usr/bin/make -f &quot;/media/data/program/git/TlsUdpProtocol/Makefile&quot;  VERBOSE=1 &quot;$file&quot;"/>
					<Clean command="/usr/bin/make -f &quot;/media/data/program/git/TlsUdpProtocol/Makefile&quot;  VERBOSE=1 clean"/>
					<DistClean command="/usr/bin/make -f &quot;/media/data/program/git/TlsUdpProtocol/Makefile&quot;  VERBOSE=1 clean"/>
				</MakeCommands>
			</Target>
			<Target title="udpserver/fast">
				<Option output="/media/data/program/git/TlsUdpProtocol/udpserver" prefix_auto="0" extension_auto="0"/>
				<Option working_dir="/media/data/program/git/TlsUdpProtocol"/>
				<Option object_output="./"/>
				<Option type="1"/>
				<Option compiler="gcc"/>
				<Compiler/>
				<MakeCommands>
					<Build command="/usr/bin/make -f &quot;/media/data/program/git/TlsUdpProtocol/Makefile&quot;  VERBOSE=1 udpserver/fast"/>
					<CompileFile command="/usr/bin/make -f &quot;/media/data/program/git/TlsUdpProtocol/Makefile&quot;  VERBOSE=1 &quot;$file&quot;"/>
					<Clean command="/usr/bin/make -f &quot;/media/data/program/git/TlsUdpProtocol/Makefile&quot;  VERBOSE=1 clean"/>
					<DistClean command="/usr/bin/make -f &quot;/media/data/program/git/TlsUdpProtocol/Makefile&quot;  VERBOSE=1 clean"/>
				</MakeCommands>
			</Target>
			<Target title="reliabletelnet">
				<Option output="/media/data/program/git/TlsUdpProtocol/reliabletelnet" prefix_auto="0" extension_auto="0"/>
				<Option working_dir="/media/data/program/git/TlsUdpProtocol"/>
				<Option object_output="./"/>
				<Option type="1"/>
				<Option compiler="gcc"/>
				<Compiler/>
				<MakeCommands>
					<Build command="/usr/bin/make -f &quot;/media/data/program/git/TlsUdpProtocol/Makefile&quot;  VERBOSE=1 reliabletelnet"/>
					<CompileFile command="/usr/bin/make -f &quot;/media/data/program/git/TlsUdpProtocol/Makefile&quot;  VERBOSE=1 &quot;$file&quot;"/>
					<Clean command="/usr/bin/make -f &quot;/media/data/program/git/TlsUdpProtocol/Makefile&quot;  VERBOSE=1 clean"/>
					<DistClean command="/usr/bin/make -f &quot;/media/data/program/git/TlsUdpProtocol/Makefile&quot;  VERBOSE=1 clean"/>
				</MakeCommands>
			</Target>
			<Target title="reliabletelnet/fast">
				<Option output="/media/data/program/git/TlsUdpProtocol/reliabletelnet" prefix_auto="0" extension_auto="0"/>
				<Option working_dir="/media/data/program/git/TlsUdpProtocol"/>
				<Option object_output="./"/>
				<Option type="1"/>
				<Option compiler="gcc"/>
				<Compiler/>
				<MakeCommands>
					<Build command="/usr/bin/make -f &quot;/media/data/program/git/TlsUdpProtocol/Makefile&quot;  VERBOSE=1 reliabletelnet/fast"/>
					<CompileFile command="/usr/bin/make -f &quot;/media/data/program/git/TlsUdpProtocol/Makefile&quot;  VERBOSE=1 &quot;$file&quot;"/>
					<Clean command="/usr/bin/make -f &quot;/media/data/program/git/TlsUdpProtocol/Makefile&quot;  VERBOSE=1 clean"/>
					<DistClean command="/usr/bin/make -f &quot;/media/data/program/git/TlsUdpProtocol/Makefile&quot;  VERBOSE=1 clean"/>
				</MakeCommands>
			</Target>
			<Target title="appserver">
				<Option output="/media/data/program/git/TlsUdpProtocol/appserver" prefix_auto="0" extension_auto="0"/>
				<Option working_dir="/media/data/program/git/TlsUdpProtocol"/>
				<Option object_output="./"/>
				<Option type="1"/>
				<Option compiler="gcc"/>
				<Compiler/>
				<MakeCommands>
					<Build command="/usr/bin/make -f &quot;/media/data/program/git/TlsUdpProtocol/Makefile&quot;  VERBOSE=1 appserver"/>
					<CompileFile command="/usr/bin/make -f &quot;/media/data/program/git/TlsUdpProtocol/Makefile&quot;  VERBOSE=1 &quot;$file&quot;"/>
					<Clean command="/usr/bin/make -f &quot;/media/data/program/git/TlsUdpProtocol/Makefile&quot;  VERBOSE=1 clean"/>
					<DistClean command="/usr/bin/make -f &quot;/media/data/program/git/TlsUdpProtocol/Makefile&quot;  VERBOSE=1 clean"/>
				</MakeCommands>
			</Target>
			<Target title="appserver/fast">
				<Option output="/media/data/program/git/TlsUdpProtocol/appserver" prefix_auto="0" extension_auto="0"/>
				<Option working_dir="/media/data/program/git/TlsUdpProtocol"/>
				<Option object_output="./"/>
				<Option type="1"/>
				<Option compiler="gcc"/>
				<Compiler/>
				<MakeCommands>
					<Build command="/usr/bin/make -f &quot;/media/data/program/git/TlsUdpProtocol/Makefile&quot;  VERBOSE=1 appserver/fast"/>
					<CompileFile command="/usr/bin/make -f &quot;/media/data/program/git/TlsUdpProtocol/Makefile&quot;  VERBOSE=1 &quot;$file&quot;"/>
					<Clean command="/usr/bin/make -f &quot;/media/data/program/git/TlsUdpProtocol/Makefile&quot;  VERBOSE=1 clean"/>
					<DistClean command="/usr/bin/make -f &quot;/media/data/program/git/TlsUdpProtocol/Makefile&quot;  VERBOSE=1 clean"/>
				</MakeCommands>
			</Target>
			<Target title="secureserver">
				<Option output="/media/data/program/git/TlsUdpProtocol/secureserver" prefix_auto="0" extension_auto="0"/>
				<Option working_dir="/media/data/program/git/TlsUdpProtocol"/>
				<Option object_output="./"/>
				<Option type="1"/>
				<Option compiler="gcc"/>
				<Compiler/>
				<MakeCommands>
					<Build command="/usr/bin/make -f &quot;/media/data/program/git/TlsUdpProtocol/Makefile&quot;  VERBOSE=1 secureserver"/>
					<CompileFile command="/usr/bin/make -f &quot;/media/data/program/git/TlsUdpProtocol/Makefile&quot;  VERBOSE=1 &quot;$file&quot;"/>
					<Clean command="/usr/bin/make -f &quot;/media/data/program/git/TlsUdpProtocol/Makefile&quot;  VERBOSE=1 clean"/>
					<DistClean command="/usr/bin/make -f &quot;/media/data/program/git/TlsUdpProtocol/Makefile&quot;  VERBOSE=1 clean"/>
				</MakeCommands>
			</Target>
			<Target title="secureserver/fast">
				<Option output="/media/data/program/git/TlsUdpProtocol/secureserver" prefix_auto="0" extension_auto="0"/>
				<Option working_dir="/media/data/program/git/TlsUdpProtocol"/>
				<Option object_output="./"/>
				<Option type="1"/>
				<Option compiler="gcc"/>
				<Compiler/>
				<MakeCommands>
					<Build command="/usr/bin/make -f &quot;/media/data/program/git/TlsUdpProtocol/Makefile&quot;  VERBOSE=1 secureserver/fast"/>
					<CompileFile command="/usr/bin/make -f &quot;/media/data/program/git/TlsUdpProtocol/Makefile&quot;  VERBOSE=1 &quot;$file&quot;"/>
					<Clean command="/usr/bin/make -f &quot;/media/data/program/git/TlsUdpProtocol/Makefile&quot;  VERBOSE=1 clean"/>
					<DistClean command="/usr/bin/make -f &quot;/media/data/program/git/TlsUdpProtocol/Makefile&quot;  VERBOSE=1 clean"/>
				</MakeCommands>
			</Target>
			<Target title="securetelnet">
				<Option output="/media/data/program/git/TlsUdpProtocol/securetelnet" prefix_auto="0" extension_auto="0"/>
				<Option working_dir="/media/data/program/git/TlsUdpProtocol"/>
				<Option object_output="./"/>
				<Option type="1"/>
				<Option compiler="gcc"/>
				<Compiler/>
				<MakeCommands>
					<Build command="/usr/bin/make -f &quot;/media/data/program/git/TlsUdpProtocol/Makefile&quot;  VERBOSE=1 securetelnet"/>
					<CompileFile command="/usr/bin/make -f &quot;/media/data/program/git/TlsUdpProtocol/Makefile&quot;  VERBOSE=1 &quot;$file&quot;"/>
					<Clean command="/usr/bin/make -f &quot;/media/data/program/git/TlsUdpProtocol/Makefile&quot;  VERBOSE=1 clean"/>
					<DistClean command="/usr/bin/make -f &quot;/media/data/program/git/TlsUdpProtocol/Makefile&quot;  VERBOSE=1 clean"/>
				</MakeCommands>
			</Target>
			<Target title="securetelnet/fast">
				<Option output="/media/data/program/git/TlsUdpProtocol/securetelnet" prefix_auto="0" extension_auto="0"/>
				<Option working_dir="/media/data/program/git/TlsUdpProtocol"/>
				<Option object_output="./"/>
				<Option type="1"/>
				<Option compiler="gcc"/>
				<Compiler/>
				<MakeCommands>
					<Build command="/usr/bin/make -f &quot;/media/data/program/git/TlsUdpProtocol/Makefile&quot;  VERBOSE=1 securetelnet/fast"/>
					<CompileFile command="/usr/bin/make -f &quot;/media/data/program/git/TlsUdpProtocol/Makefile&quot;  VERBOSE=1 &quot;$file&quot;"/>
					<Clean command="/usr/bin/make -f &quot;/media/data/program/git/TlsUdpProtocol/Makefile&quot;  VERBOSE=1 clean"/>
					<DistClean command="/usr/bin/make -f &quot;/media/data/program/git/TlsUdpProtocol/Makefile&quot;  VERBOSE=1 clean"/>
				</MakeCommands>
			</Target>
		</Build>
		<Unit filename="/media/data/program/git/TlsUdpProtocol/AppSocket.cpp">
			<Option target="appclient"/>
			<Option target="appserver"/>
		</Unit>
		<Unit filename="/media/data/program/git/TlsUdpProtocol/AppSocket.h">
			<Option target="appclient"/>
			<Option target="appserver"/>
		</Unit>
		<Unit filename="/media/data/program/git/TlsUdpProtocol/Client/AppClient.cpp">
			<Option target="appclient"/>
		</Unit>
		<Unit filename="/media/data/program/git/TlsUdpProtocol/ReliableSocket.cpp">
			<Option target="appclient"/>
			<Option target="reliableserver"/>
			<Option target="reliabletelnet"/>
			<Option target="appserver"/>
			<Option target="secureserver"/>
			<Option target="securetelnet"/>
		</Unit>
		<Unit filename="/media/data/program/git/TlsUdpProtocol/ReliableSocket.h">
			<Option target="appclient"/>
			<Option target="reliableserver"/>
			<Option target="reliabletelnet"/>
			<Option target="appserver"/>
			<Option target="secureserver"/>
			<Option target="securetelnet"/>
		</Unit>
		<Unit filename="/media/data/program/git/TlsUdpProtocol/SecureSocket.cpp">
			<Option target="appclient"/>
			<Option target="appserver"/>
			<Option target="secureserver"/>
			<Option target="securetelnet"/>
		</Unit>
		<Unit filename="/media/data/program/git/TlsUdpProtocol/SecureSocket.h">
			<Option target="appclient"/>
			<Option target="appserver"/>
			<Option target="secureserver"/>
			<Option target="securetelnet"/>
		</Unit>
		<Unit filename="/media/data/program/git/TlsUdpProtocol/Server/AppServer.cpp">
			<Option target="appserver"/>
		</Unit>
		<Unit filename="/media/data/program/git/TlsUdpProtocol/TestClass/ReliableServer.cpp">
			<Option target="reliableserver"/>
		</Unit>
		<Unit filename="/media/data/program/git/TlsUdpProtocol/TestClass/ReliableTelnet.cpp">
			<Option target="reliabletelnet"/>
		</Unit>
		<Unit filename="/media/data/program/git/TlsUdpProtocol/TestClass/SecureServer.cpp">
			<Option target="secureserver"/>
		</Unit>
		<Unit filename="/media/data/program/git/TlsUdpProtocol/TestClass/SecureTelnet.cpp">
			<Option target="securetelnet"/>
		</Unit>
		<Unit filename="/media/data/program/git/TlsUdpProtocol/TestClass/UdpServer.cpp">
			<Option target="udpserver"/>
		</Unit>
		<Unit filename="/media/data/program/git/TlsUdpProtocol/TestClass/UdpTelnet.cpp">
			<Option target="udptelnet"/>
		</Unit>
		<Unit filename="/media/data/program/git/TlsUdpProtocol/UdpSocket.cpp">
			<Option target="appclient"/>
			<Option target="reliableserver"/>
			<Option target="udptelnet"/>
			<Option target="udpserver"/>
			<Option target="reliabletelnet"/>
			<Option target="appserver"/>
			<Option target="secureserver"/>
			<Option target="securetelnet"/>
		</Unit>
		<Unit filename="/media/data/program/git/TlsUdpProtocol/UdpSocket.h">
			<Option target="appclient"/>
			<Option target="reliableserver"/>
			<Option target="udptelnet"/>
			<Option target="udpserver"/>
			<Option target="reliabletelnet"/>
			<Option target="appserver"/>
			<Option target="secureserver"/>
			<Option target="securetelnet"/>
		</Unit>
		<Unit filename="/media/data/program/git/TlsUdpProtocol/CMakeLists.txt">
			<Option virtualFolder="CMake Files\"/>
		</Unit>
	</Project>
</CodeBlocks_project_file>
